
Microsoft Visual Studio Solution File, Format Version 12.00
# Visual Studio Version 17
VisualStudioVersion = 17.4.33213.308
MinimumVisualStudioVersion = 10.0.40219.1
Project("{FAE04EC0-301F-11D3-BF4B-00C04F79EFBC}") = "tableMaker", "tableMaker\tableMaker.csproj", "{54FC8C29-4436-4528-9D6C-440514BE2F53}"
EndProject
Global
	GlobalSection(SolutionConfigurationPlatforms) = preSolution
		Debug|Any CPU = Debug|Any CPU
		Release|Any CPU = Release|Any CPU
	EndGlobalSection
	GlobalSection(ProjectConfigurationPlatforms) = postSolution
		{54FC8C29-4436-4528-9D6C-440514BE2F53}.Debug|Any CPU.ActiveCfg = Debug|Any CPU
		{54FC8C29-4436-4528-9D6C-440514BE2F53}.Debug|Any CPU.Build.0 = Debug|Any CPU
		{54FC8C29-4436-4528-9D6C-440514BE2F53}.Release|Any CPU.ActiveCfg = Release|Any CPU
		{54FC8C29-4436-4528-9D6C-440514BE2F53}.Release|Any CPU.Build.0 = Release|Any CPU
	EndGlobalSection
	GlobalSection(SolutionProperties) = preSolution
		HideSolutionNode = FALSE
	EndGlobalSection
	GlobalSection(ExtensibilityGlobals) = postSolution
		SolutionGuid = {8462319B-C028-4541-8E82-02A6DF75D6E0}
	EndGlobalSection
EndGlobal
